
Microsoft Visual Studio Solution File, Format Version 12.00
Project("{FAE04EC0-301F-11D3-BF4B-00C04F79EFBC}") = "WienerLinienEchtzeitdaten", "WienerLinienEchtzeitdaten\WienerLinienEchtzeitdaten.csproj", "{464715C8-ECB2-4041-972C-7034F653BB37}"
EndProject
Global
	GlobalSection(SolutionConfigurationPlatforms) = preSolution
		Debug|Any CPU = Debug|Any CPU
		Release|Any CPU = Release|Any CPU
	EndGlobalSection
	GlobalSection(ProjectConfigurationPlatforms) = postSolution
		{464715C8-ECB2-4041-972C-7034F653BB37}.Debug|Any CPU.ActiveCfg = Debug|Any CPU
		{464715C8-ECB2-4041-972C-7034F653BB37}.Debug|Any CPU.Build.0 = Debug|Any CPU
		{464715C8-ECB2-4041-972C-7034F653BB37}.Release|Any CPU.ActiveCfg = Release|Any CPU
		{464715C8-ECB2-4041-972C-7034F653BB37}.Release|Any CPU.Build.0 = Release|Any CPU
	EndGlobalSection
EndGlobal
